// !$*UTF8*$!
{
	archiveVersion = 1;
	classes = {
	};
	objectVersion = 46;
	objects = {

/* Begin PBXBuildFile section */
		2FC30A0F68B5C0A2D568532C /* Pods_weibo.framework in Frameworks */ = {isa = PBXBuildFile; fileRef = 086C8C1323D5A58668C45D3B /* Pods_weibo.framework */; };
		A32CE9C71CD2075F005394A7 /* QRCodeCardViewController.swift in Sources */ = {isa = PBXBuildFile; fileRef = A32CE9C61CD2075F005394A7 /* QRCodeCardViewController.swift */; };
		A32CE9C91CD2148A005394A7 /* UIImage+Extension.swift in Sources */ = {isa = PBXBuildFile; fileRef = A32CE9C81CD2148A005394A7 /* UIImage+Extension.swift */; };
		A3426F361CCF0CCB0035D43A /* TitleBtn.swift in Sources */ = {isa = PBXBuildFile; fileRef = A3426F351CCF0CCB0035D43A /* TitleBtn.swift */; };
		A3426F3A1CCF0F540035D43A /* UIView+RYF.m in Sources */ = {isa = PBXBuildFile; fileRef = A3426F391CCF0F540035D43A /* UIView+RYF.m */; };
		A3426F451CCF4C1B0035D43A /* NewFeatureViewController.swift in Sources */ = {isa = PBXBuildFile; fileRef = A3426F441CCF4C1B0035D43A /* NewFeatureViewController.swift */; };
		A346A0BC1CCE50B6003EBFD2 /* BaseTableViewController.swift in Sources */ = {isa = PBXBuildFile; fileRef = A346A0BB1CCE50B6003EBFD2 /* BaseTableViewController.swift */; };
		A346A0BE1CCE50D5003EBFD2 /* VisitorView.swift in Sources */ = {isa = PBXBuildFile; fileRef = A346A0BD1CCE50D5003EBFD2 /* VisitorView.swift */; };
		A358FA641CCE1FE500D6C696 /* UIBarButtonItem+Extension.swift in Sources */ = {isa = PBXBuildFile; fileRef = A358FA631CCE1FE500D6C696 /* UIBarButtonItem+Extension.swift */; };
		A387E7AD1CD05A19007A2D91 /* PopoverViewController.swift in Sources */ = {isa = PBXBuildFile; fileRef = A387E7AC1CD05A19007A2D91 /* PopoverViewController.swift */; };
		A387E7AF1CD05A24007A2D91 /* PopoverViewController.storyboard in Resources */ = {isa = PBXBuildFile; fileRef = A387E7AE1CD05A24007A2D91 /* PopoverViewController.storyboard */; };
		A387E7B11CD05B86007A2D91 /* PopverPresentationController.swift in Sources */ = {isa = PBXBuildFile; fileRef = A387E7B01CD05B86007A2D91 /* PopverPresentationController.swift */; };
		A387E7B31CD06743007A2D91 /* PopoverAnimator.swift in Sources */ = {isa = PBXBuildFile; fileRef = A387E7B21CD06743007A2D91 /* PopoverAnimator.swift */; };
		A387E7B51CD0A7B6007A2D91 /* QRCodeViewController.swift in Sources */ = {isa = PBXBuildFile; fileRef = A387E7B41CD0A7B6007A2D91 /* QRCodeViewController.swift */; };
		A387E7B71CD0A7CC007A2D91 /* QRCodeViewController.storyboard in Resources */ = {isa = PBXBuildFile; fileRef = A387E7B61CD0A7CC007A2D91 /* QRCodeViewController.storyboard */; };
		A3B06D851CCDEBE200D1627C /* AppDelegate.swift in Sources */ = {isa = PBXBuildFile; fileRef = A3B06D841CCDEBE100D1627C /* AppDelegate.swift */; };
		A3B06D8C1CCDEBE200D1627C /* Assets.xcassets in Resources */ = {isa = PBXBuildFile; fileRef = A3B06D8B1CCDEBE200D1627C /* Assets.xcassets */; };
		A3B06DAC1CCDEE8F00D1627C /* RYFViewController.swift in Sources */ = {isa = PBXBuildFile; fileRef = A3B06DAB1CCDEE8F00D1627C /* RYFViewController.swift */; };
		A3B06DB01CCDEF3B00D1627C /* DiscovTableViewController.swift in Sources */ = {isa = PBXBuildFile; fileRef = A3B06DAF1CCDEF3B00D1627C /* DiscovTableViewController.swift */; };
		A3B06DB21CCDEF6300D1627C /* HomeTableViewController.swift in Sources */ = {isa = PBXBuildFile; fileRef = A3B06DB11CCDEF6300D1627C /* HomeTableViewController.swift */; };
		A3B06DB41CCDEF7100D1627C /* MeTableViewController.swift in Sources */ = {isa = PBXBuildFile; fileRef = A3B06DB31CCDEF7100D1627C /* MeTableViewController.swift */; };
		A3B06DB61CCDEF7C00D1627C /* MessageTableViewController.swift in Sources */ = {isa = PBXBuildFile; fileRef = A3B06DB51CCDEF7C00D1627C /* MessageTableViewController.swift */; };
		A3B06DB81CCDF93700D1627C /* RYFTabbar.swift in Sources */ = {isa = PBXBuildFile; fileRef = A3B06DB71CCDF93700D1627C /* RYFTabbar.swift */; };
/* End PBXBuildFile section */

/* Begin PBXFileReference section */
		086C8C1323D5A58668C45D3B /* Pods_weibo.framework */ = {isa = PBXFileReference; explicitFileType = wrapper.framework; includeInIndex = 0; path = Pods_weibo.framework; sourceTree = BUILT_PRODUCTS_DIR; };
		A32CE9C61CD2075F005394A7 /* QRCodeCardViewController.swift */ = {isa = PBXFileReference; fileEncoding = 4; lastKnownFileType = sourcecode.swift; path = QRCodeCardViewController.swift; sourceTree = "<group>"; };
		A32CE9C81CD2148A005394A7 /* UIImage+Extension.swift */ = {isa = PBXFileReference; fileEncoding = 4; lastKnownFileType = sourcecode.swift; path = "UIImage+Extension.swift"; sourceTree = "<group>"; };
		A3426F351CCF0CCB0035D43A /* TitleBtn.swift */ = {isa = PBXFileReference; fileEncoding = 4; lastKnownFileType = sourcecode.swift; path = TitleBtn.swift; sourceTree = "<group>"; };
		A3426F371CCF0F520035D43A /* weibo-Bridging-Header.h */ = {isa = PBXFileReference; lastKnownFileType = sourcecode.c.h; path = "weibo-Bridging-Header.h"; sourceTree = "<group>"; };
		A3426F381CCF0F540035D43A /* UIView+RYF.h */ = {isa = PBXFileReference; fileEncoding = 4; lastKnownFileType = sourcecode.c.h; path = "UIView+RYF.h"; sourceTree = "<group>"; };
		A3426F391CCF0F540035D43A /* UIView+RYF.m */ = {isa = PBXFileReference; fileEncoding = 4; lastKnownFileType = sourcecode.c.objc; path = "UIView+RYF.m"; sourceTree = "<group>"; };
		A3426F441CCF4C1B0035D43A /* NewFeatureViewController.swift */ = {isa = PBXFileReference; fileEncoding = 4; lastKnownFileType = sourcecode.swift; path = NewFeatureViewController.swift; sourceTree = "<group>"; };
		A346A0BB1CCE50B6003EBFD2 /* BaseTableViewController.swift */ = {isa = PBXFileReference; fileEncoding = 4; lastKnownFileType = sourcecode.swift; path = BaseTableViewController.swift; sourceTree = "<group>"; };
		A346A0BD1CCE50D5003EBFD2 /* VisitorView.swift */ = {isa = PBXFileReference; fileEncoding = 4; lastKnownFileType = sourcecode.swift; path = VisitorView.swift; sourceTree = "<group>"; };
		A358FA631CCE1FE500D6C696 /* UIBarButtonItem+Extension.swift */ = {isa = PBXFileReference; fileEncoding = 4; lastKnownFileType = sourcecode.swift; path = "UIBarButtonItem+Extension.swift"; sourceTree = "<group>"; };
		A387E7AC1CD05A19007A2D91 /* PopoverViewController.swift */ = {isa = PBXFileReference; fileEncoding = 4; lastKnownFileType = sourcecode.swift; path = PopoverViewController.swift; sourceTree = "<group>"; };
		A387E7AE1CD05A24007A2D91 /* PopoverViewController.storyboard */ = {isa = PBXFileReference; fileEncoding = 4; lastKnownFileType = file.storyboard; path = PopoverViewController.storyboard; sourceTree = "<group>"; };
		A387E7B01CD05B86007A2D91 /* PopverPresentationController.swift */ = {isa = PBXFileReference; fileEncoding = 4; lastKnownFileType = sourcecode.swift; path = PopverPresentationController.swift; sourceTree = "<group>"; };
		A387E7B21CD06743007A2D91 /* PopoverAnimator.swift */ = {isa = PBXFileReference; fileEncoding = 4; lastKnownFileType = sourcecode.swift; path = PopoverAnimator.swift; sourceTree = "<group>"; };
		A387E7B41CD0A7B6007A2D91 /* QRCodeViewController.swift */ = {isa = PBXFileReference; fileEncoding = 4; lastKnownFileType = sourcecode.swift; path = QRCodeViewController.swift; sourceTree = "<group>"; };
		A387E7B61CD0A7CC007A2D91 /* QRCodeViewController.storyboard */ = {isa = PBXFileReference; fileEncoding = 4; lastKnownFileType = file.storyboard; path = QRCodeViewController.storyboard; sourceTree = "<group>"; };
		A3B06D811CCDEBE100D1627C /* weibo.app */ = {isa = PBXFileReference; explicitFileType = wrapper.application; includeInIndex = 0; path = weibo.app; sourceTree = BUILT_PRODUCTS_DIR; };
		A3B06D841CCDEBE100D1627C /* AppDelegate.swift */ = {isa = PBXFileReference; lastKnownFileType = sourcecode.swift; path = AppDelegate.swift; sourceTree = "<group>"; };
		A3B06D8B1CCDEBE200D1627C /* Assets.xcassets */ = {isa = PBXFileReference; lastKnownFileType = folder.assetcatalog; path = Assets.xcassets; sourceTree = "<group>"; };
		A3B06D901CCDEBE200D1627C /* Info.plist */ = {isa = PBXFileReference; lastKnownFileType = text.plist.xml; path = Info.plist; sourceTree = "<group>"; };
		A3B06DAB1CCDEE8F00D1627C /* RYFViewController.swift */ = {isa = PBXFileReference; fileEncoding = 4; lastKnownFileType = sourcecode.swift; path = RYFViewController.swift; sourceTree = "<group>"; };
		A3B06DAF1CCDEF3B00D1627C /* DiscovTableViewController.swift */ = {isa = PBXFileReference; fileEncoding = 4; lastKnownFileType = sourcecode.swift; path = DiscovTableViewController.swift; sourceTree = "<group>"; };
		A3B06DB11CCDEF6300D1627C /* HomeTableViewController.swift */ = {isa = PBXFileReference; fileEncoding = 4; lastKnownFileType = sourcecode.swift; path = HomeTableViewController.swift; sourceTree = "<group>"; };
		A3B06DB31CCDEF7100D1627C /* MeTableViewController.swift */ = {isa = PBXFileReference; fileEncoding = 4; lastKnownFileType = sourcecode.swift; path = MeTableViewController.swift; sourceTree = "<group>"; };
		A3B06DB51CCDEF7C00D1627C /* MessageTableViewController.swift */ = {isa = PBXFileReference; fileEncoding = 4; lastKnownFileType = sourcecode.swift; path = MessageTableViewController.swift; sourceTree = "<group>"; };
		A3B06DB71CCDF93700D1627C /* RYFTabbar.swift */ = {isa = PBXFileReference; fileEncoding = 4; lastKnownFileType = sourcecode.swift; path = RYFTabbar.swift; sourceTree = "<group>"; };
		A3F48D665B113289A799EFB3 /* Pods-weibo.debug.xcconfig */ = {isa = PBXFileReference; includeInIndex = 1; lastKnownFileType = text.xcconfig; name = "Pods-weibo.debug.xcconfig"; path = "Pods/Target Support Files/Pods-weibo/Pods-weibo.debug.xcconfig"; sourceTree = "<group>"; };
		FC0146A3C97EB4464ADD82E7 /* Pods-weibo.release.xcconfig */ = {isa = PBXFileReference; includeInIndex = 1; lastKnownFileType = text.xcconfig; name = "Pods-weibo.release.xcconfig"; path = "Pods/Target Support Files/Pods-weibo/Pods-weibo.release.xcconfig"; sourceTree = "<group>"; };
/* End PBXFileReference section */

/* Begin PBXFrameworksBuildPhase section */
		A3B06D7E1CCDEBE100D1627C /* Frameworks */ = {
			isa = PBXFrameworksBuildPhase;
			buildActionMask = 2147483647;
			files = (
				2FC30A0F68B5C0A2D568532C /* Pods_weibo.framework in Frameworks */,
			);
			runOnlyForDeploymentPostprocessing = 0;
		};
/* End PBXFrameworksBuildPhase section */

/* Begin PBXGroup section */
		058DCC18327E2541AC001ED7 /* Frameworks */ = {
			isa = PBXGroup;
			children = (
				086C8C1323D5A58668C45D3B /* Pods_weibo.framework */,
			);
			name = Frameworks;
			sourceTree = "<group>";
		};
		8CB8D208AB153197A1ADD8D5 /* Pods */ = {
			isa = PBXGroup;
			children = (
				A3F48D665B113289A799EFB3 /* Pods-weibo.debug.xcconfig */,
				FC0146A3C97EB4464ADD82E7 /* Pods-weibo.release.xcconfig */,
			);
			name = Pods;
			sourceTree = "<group>";
		};
		A358FA601CCE1E9D00D6C696 /* Other */ = {
			isa = PBXGroup;
			children = (
				A358FA611CCE1E9D00D6C696 /* Extension */,
				A358FA621CCE1E9D00D6C696 /* Vender */,
			);
			path = Other;
			sourceTree = "<group>";
		};
		A358FA611CCE1E9D00D6C696 /* Extension */ = {
			isa = PBXGroup;
			children = (
				A3426F381CCF0F540035D43A /* UIView+RYF.h */,
				A3426F391CCF0F540035D43A /* UIView+RYF.m */,
				A358FA631CCE1FE500D6C696 /* UIBarButtonItem+Extension.swift */,
				A3426F371CCF0F520035D43A /* weibo-Bridging-Header.h */,
				A32CE9C81CD2148A005394A7 /* UIImage+Extension.swift */,
			);
			path = Extension;
			sourceTree = "<group>";
		};
		A358FA621CCE1E9D00D6C696 /* Vender */ = {
			isa = PBXGroup;
			children = (
				A387E7B21CD06743007A2D91 /* PopoverAnimator.swift */,
			);
			path = Vender;
			sourceTree = "<group>";
		};
		A3B06D781CCDEBE100D1627C = {
			isa = PBXGroup;
			children = (
				A3B06D831CCDEBE100D1627C /* weibo */,
				A3B06D821CCDEBE100D1627C /* Products */,
				8CB8D208AB153197A1ADD8D5 /* Pods */,
				058DCC18327E2541AC001ED7 /* Frameworks */,
			);
			sourceTree = "<group>";
		};
		A3B06D821CCDEBE100D1627C /* Products */ = {
			isa = PBXGroup;
			children = (
				A3B06D811CCDEBE100D1627C /* weibo.app */,
			);
			name = Products;
			sourceTree = "<group>";
		};
		A3B06D831CCDEBE100D1627C /* weibo */ = {
			isa = PBXGroup;
			children = (
				A3B06D961CCDEC6100D1627C /* Classes */,
				A3B06D841CCDEBE100D1627C /* AppDelegate.swift */,
				A3B06D8B1CCDEBE200D1627C /* Assets.xcassets */,
				A3B06D901CCDEBE200D1627C /* Info.plist */,
			);
			path = weibo;
			sourceTree = "<group>";
		};
		A3B06D961CCDEC6100D1627C /* Classes */ = {
			isa = PBXGroup;
			children = (
				A3B06D971CCDEC6100D1627C /* Discov */,
				A3B06D9B1CCDEC6100D1627C /* Home */,
				A3B06D9F1CCDEC6100D1627C /* Main */,
				A3B06DA31CCDEC6100D1627C /* Me */,
				A3B06DA71CCDEC6100D1627C /* Message */,
				A358FA601CCE1E9D00D6C696 /* Other */,
			);
			path = Classes;
			sourceTree = "<group>";
		};
		A3B06D971CCDEC6100D1627C /* Discov */ = {
			isa = PBXGroup;
			children = (
				A3B06D981CCDEC6100D1627C /* Controller */,
				A3B06D991CCDEC6100D1627C /* Model */,
				A3B06D9A1CCDEC6100D1627C /* View */,
			);
			path = Discov;
			sourceTree = "<group>";
		};
		A3B06D981CCDEC6100D1627C /* Controller */ = {
			isa = PBXGroup;
			children = (
				A3B06DAF1CCDEF3B00D1627C /* DiscovTableViewController.swift */,
			);
			path = Controller;
			sourceTree = "<group>";
		};
		A3B06D991CCDEC6100D1627C /* Model */ = {
			isa = PBXGroup;
			children = (
			);
			path = Model;
			sourceTree = "<group>";
		};
		A3B06D9A1CCDEC6100D1627C /* View */ = {
			isa = PBXGroup;
			children = (
			);
			path = View;
			sourceTree = "<group>";
		};
		A3B06D9B1CCDEC6100D1627C /* Home */ = {
			isa = PBXGroup;
			children = (
				A3B06D9C1CCDEC6100D1627C /* Controller */,
				A3B06D9D1CCDEC6100D1627C /* Model */,
				A3B06D9E1CCDEC6100D1627C /* View */,
			);
			path = Home;
			sourceTree = "<group>";
		};
		A3B06D9C1CCDEC6100D1627C /* Controller */ = {
			isa = PBXGroup;
			children = (
				A3B06DB11CCDEF6300D1627C /* HomeTableViewController.swift */,
				A387E7AC1CD05A19007A2D91 /* PopoverViewController.swift */,
				A387E7AE1CD05A24007A2D91 /* PopoverViewController.storyboard */,
				A387E7B01CD05B86007A2D91 /* PopverPresentationController.swift */,
				A387E7B41CD0A7B6007A2D91 /* QRCodeViewController.swift */,
				A387E7B61CD0A7CC007A2D91 /* QRCodeViewController.storyboard */,
				A32CE9C61CD2075F005394A7 /* QRCodeCardViewController.swift */,
			);
			path = Controller;
			sourceTree = "<group>";
		};
		A3B06D9D1CCDEC6100D1627C /* Model */ = {
			isa = PBXGroup;
			children = (
			);
			path = Model;
			sourceTree = "<group>";
		};
		A3B06D9E1CCDEC6100D1627C /* View */ = {
			isa = PBXGroup;
			children = (
			);
			path = View;
			sourceTree = "<group>";
		};
		A3B06D9F1CCDEC6100D1627C /* Main */ = {
			isa = PBXGroup;
			children = (
				A3B06DA01CCDEC6100D1627C /* Controller */,
				A3B06DA11CCDEC6100D1627C /* Model */,
				A3B06DA21CCDEC6100D1627C /* View */,
			);
			path = Main;
			sourceTree = "<group>";
		};
		A3B06DA01CCDEC6100D1627C /* Controller */ = {
			isa = PBXGroup;
			children = (
				A346A0BB1CCE50B6003EBFD2 /* BaseTableViewController.swift */,
				A3B06DAB1CCDEE8F00D1627C /* RYFViewController.swift */,
				A3426F441CCF4C1B0035D43A /* NewFeatureViewController.swift */,
			);
			path = Controller;
			sourceTree = "<group>";
		};
		A3B06DA11CCDEC6100D1627C /* Model */ = {
			isa = PBXGroup;
			children = (
			);
			path = Model;
			sourceTree = "<group>";
		};
		A3B06DA21CCDEC6100D1627C /* View */ = {
			isa = PBXGroup;
			children = (
				A3B06DB71CCDF93700D1627C /* RYFTabbar.swift */,
				A346A0BD1CCE50D5003EBFD2 /* VisitorView.swift */,
				A3426F351CCF0CCB0035D43A /* TitleBtn.swift */,
			);
			path = View;
			sourceTree = "<group>";
		};
		A3B06DA31CCDEC6100D1627C /* Me */ = {
			isa = PBXGroup;
			children = (
				A3B06DA41CCDEC6100D1627C /* Controller */,
				A3B06DA51CCDEC6100D1627C /* Model */,
				A3B06DA61CCDEC6100D1627C /* View */,
			);
			path = Me;
			sourceTree = "<group>";
		};
		A3B06DA41CCDEC6100D1627C /* Controller */ = {
			isa = PBXGroup;
			children = (
				A3B06DB31CCDEF7100D1627C /* MeTableViewController.swift */,
			);
			path = Controller;
			sourceTree = "<group>";
		};
		A3B06DA51CCDEC6100D1627C /* Model */ = {
			isa = PBXGroup;
			children = (
			);
			path = Model;
			sourceTree = "<group>";
		};
		A3B06DA61CCDEC6100D1627C /* View */ = {
			isa = PBXGroup;
			children = (
			);
			path = View;
			sourceTree = "<group>";
		};
		A3B06DA71CCDEC6100D1627C /* Message */ = {
			isa = PBXGroup;
			children = (
				A3B06DA81CCDEC6100D1627C /* Controller */,
				A3B06DA91CCDEC6100D1627C /* Model */,
				A3B06DAA1CCDEC6100D1627C /* View */,
			);
			path = Message;
			sourceTree = "<group>";
		};
		A3B06DA81CCDEC6100D1627C /* Controller */ = {
			isa = PBXGroup;
			children = (
				A3B06DB51CCDEF7C00D1627C /* MessageTableViewController.swift */,
			);
			path = Controller;
			sourceTree = "<group>";
		};
		A3B06DA91CCDEC6100D1627C /* Model */ = {
			isa = PBXGroup;
			children = (
			);
			path = Model;
			sourceTree = "<group>";
		};
		A3B06DAA1CCDEC6100D1627C /* View */ = {
			isa = PBXGroup;
			children = (
			);
			path = View;
			sourceTree = "<group>";
		};
/* End PBXGroup section */

/* Begin PBXNativeTarget section */
		A3B06D801CCDEBE100D1627C /* weibo */ = {
			isa = PBXNativeTarget;
			buildConfigurationList = A3B06D931CCDEBE200D1627C /* Build configuration list for PBXNativeTarget "weibo" */;
			buildPhases = (
				E69F14957D83CFFBD986D2B1 /* Check Pods Manifest.lock */,
				A3B06D7D1CCDEBE100D1627C /* Sources */,
				A3B06D7E1CCDEBE100D1627C /* Frameworks */,
				A3B06D7F1CCDEBE100D1627C /* Resources */,
				B4408F46B5A194243A4E626E /* Embed Pods Frameworks */,
				B6B2356C3BE3F1986E3D1FAF /* Copy Pods Resources */,
			);
			buildRules = (
			);
			dependencies = (
			);
			name = weibo;
			productName = weibo;
			productReference = A3B06D811CCDEBE100D1627C /* weibo.app */;
			productType = "com.apple.product-type.application";
		};
/* End PBXNativeTarget section */

/* Begin PBXProject section */
		A3B06D791CCDEBE100D1627C /* Project object */ = {
			isa = PBXProject;
			attributes = {
				LastSwiftUpdateCheck = 0730;
				LastUpgradeCheck = 0730;
				ORGANIZATIONNAME = "任玉飞";
				TargetAttributes = {
					A3B06D801CCDEBE100D1627C = {
						CreatedOnToolsVersion = 7.3;
					};
				};
			};
			buildConfigurationList = A3B06D7C1CCDEBE100D1627C /* Build configuration list for PBXProject "weibo" */;
			compatibilityVersion = "Xcode 3.2";
			developmentRegion = English;
			hasScannedForEncodings = 0;
			knownRegions = (
				en,
				Base,
			);
			mainGroup = A3B06D781CCDEBE100D1627C;
			productRefGroup = A3B06D821CCDEBE100D1627C /* Products */;
			projectDirPath = "";
			projectRoot = "";
			targets = (
				A3B06D801CCDEBE100D1627C /* weibo */,
			);
		};
/* End PBXProject section */

/* Begin PBXResourcesBuildPhase section */
		A3B06D7F1CCDEBE100D1627C /* Resources */ = {
			isa = PBXResourcesBuildPhase;
			buildActionMask = 2147483647;
			files = (
				A387E7AF1CD05A24007A2D91 /* PopoverViewController.storyboard in Resources */,
				A3B06D8C1CCDEBE200D1627C /* Assets.xcassets in Resources */,
				A387E7B71CD0A7CC007A2D91 /* QRCodeViewController.storyboard in Resources */,
			);
			runOnlyForDeploymentPostprocessing = 0;
		};
/* End PBXResourcesBuildPhase section */

/* Begin PBXShellScriptBuildPhase section */
		B4408F46B5A194243A4E626E /* Embed Pods Frameworks */ = {
			isa = PBXShellScriptBuildPhase;
			buildActionMask = 2147483647;
			files = (
			);
			inputPaths = (
			);
			name = "Embed Pods Frameworks";
			outputPaths = (
			);
			runOnlyForDeploymentPostprocessing = 0;
			shellPath = /bin/sh;
			shellScript = "\"${SRCROOT}/Pods/Target Support Files/Pods-weibo/Pods-weibo-frameworks.sh\"\n";
			showEnvVarsInLog = 0;
		};
		B6B2356C3BE3F1986E3D1FAF /* Copy Pods Resources */ = {
			isa = PBXShellScriptBuildPhase;
			buildActionMask = 2147483647;
			files = (
			);
			inputPaths = (
			);
			name = "Copy Pods Resources";
			outputPaths = (
			);
			runOnlyForDeploymentPostprocessing = 0;
			shellPath = /bin/sh;
			shellScript = "\"${SRCROOT}/Pods/Target Support Files/Pods-weibo/Pods-weibo-resources.sh\"\n";
			showEnvVarsInLog = 0;
		};
		E69F14957D83CFFBD986D2B1 /* Check Pods Manifest.lock */ = {
			isa = PBXShellScriptBuildPhase;
			buildActionMask = 2147483647;
			files = (
			);
			inputPaths = (
			);
			name = "Check Pods Manifest.lock";
			outputPaths = (
			);
			runOnlyForDeploymentPostprocessing = 0;
			shellPath = /bin/sh;
			shellScript = "diff \"${PODS_ROOT}/../Podfile.lock\" \"${PODS_ROOT}/Manifest.lock\" > /dev/null\nif [[ $? != 0 ]] ; then\n    cat << EOM\nerror: The sandbox is not in sync with the Podfile.lock. Run 'pod install' or update your CocoaPods installation.\nEOM\n    exit 1\nfi\n";
			showEnvVarsInLog = 0;
		};
/* End PBXShellScriptBuildPhase section */

/* Begin PBXSourcesBuildPhase section */
		A3B06D7D1CCDEBE100D1627C /* Sources */ = {
			isa = PBXSourcesBuildPhase;
			buildActionMask = 2147483647;
			files = (
				A346A0BE1CCE50D5003EBFD2 /* VisitorView.swift in Sources */,
				A3426F3A1CCF0F540035D43A /* UIView+RYF.m in Sources */,
				A387E7AD1CD05A19007A2D91 /* PopoverViewController.swift in Sources */,
				A387E7B51CD0A7B6007A2D91 /* QRCodeViewController.swift in Sources */,
				A3B06DAC1CCDEE8F00D1627C /* RYFViewController.swift in Sources */,
				A3B06DB01CCDEF3B00D1627C /* DiscovTableViewController.swift in Sources */,
				A3426F361CCF0CCB0035D43A /* TitleBtn.swift in Sources */,
				A387E7B31CD06743007A2D91 /* PopoverAnimator.swift in Sources */,
				A387E7B11CD05B86007A2D91 /* PopverPresentationController.swift in Sources */,
				A346A0BC1CCE50B6003EBFD2 /* BaseTableViewController.swift in Sources */,
				A3426F451CCF4C1B0035D43A /* NewFeatureViewController.swift in Sources */,
				A3B06D851CCDEBE200D1627C /* AppDelegate.swift in Sources */,
				A32CE9C71CD2075F005394A7 /* QRCodeCardViewController.swift in Sources */,
				A3B06DB21CCDEF6300D1627C /* HomeTableViewController.swift in Sources */,
				A3B06DB41CCDEF7100D1627C /* MeTableViewController.swift in Sources */,
				A3B06DB61CCDEF7C00D1627C /* MessageTableViewController.swift in Sources */,
				A32CE9C91CD2148A005394A7 /* UIImage+Extension.swift in Sources */,
				A358FA641CCE1FE500D6C696 /* UIBarButtonItem+Extension.swift in Sources */,
				A3B06DB81CCDF93700D1627C /* RYFTabbar.swift in Sources */,
			);
			runOnlyForDeploymentPostprocessing = 0;
		};
/* End PBXSourcesBuildPhase section */

/* Begin XCBuildConfiguration section */
		A3B06D911CCDEBE200D1627C /* Debug */ = {
			isa = XCBuildConfiguration;
			buildSettings = {
				ALWAYS_SEARCH_USER_PATHS = NO;
				CLANG_ANALYZER_NONNULL = YES;
				CLANG_CXX_LANGUAGE_STANDARD = "gnu++0x";
				CLANG_CXX_LIBRARY = "libc++";
				CLANG_ENABLE_MODULES = YES;
				CLANG_ENABLE_OBJC_ARC = YES;
				CLANG_WARN_BOOL_CONVERSION = YES;
				CLANG_WARN_CONSTANT_CONVERSION = YES;
				CLANG_WARN_DIRECT_OBJC_ISA_USAGE = YES_ERROR;
				CLANG_WARN_EMPTY_BODY = YES;
				CLANG_WARN_ENUM_CONVERSION = YES;
				CLANG_WARN_INT_CONVERSION = YES;
				CLANG_WARN_OBJC_ROOT_CLASS = YES_ERROR;
				CLANG_WARN_UNREACHABLE_CODE = YES;
				CLANG_WARN__DUPLICATE_METHOD_MATCH = YES;
				"CODE_SIGN_IDENTITY[sdk=iphoneos*]" = "iPhone Developer";
				COPY_PHASE_STRIP = NO;
				DEBUG_INFORMATION_FORMAT = dwarf;
				ENABLE_STRICT_OBJC_MSGSEND = YES;
				ENABLE_TESTABILITY = YES;
				GCC_C_LANGUAGE_STANDARD = gnu99;
				GCC_DYNAMIC_NO_PIC = NO;
				GCC_NO_COMMON_BLOCKS = YES;
				GCC_OPTIMIZATION_LEVEL = 0;
				GCC_PREPROCESSOR_DEFINITIONS = (
					"DEBUG=1",
					"$(inherited)",
				);
				GCC_WARN_64_TO_32_BIT_CONVERSION = YES;
				GCC_WARN_ABOUT_RETURN_TYPE = YES_ERROR;
				GCC_WARN_UNDECLARED_SELECTOR = YES;
				GCC_WARN_UNINITIALIZED_AUTOS = YES_AGGRESSIVE;
				GCC_WARN_UNUSED_FUNCTION = YES;
				GCC_WARN_UNUSED_VARIABLE = YES;
				IPHONEOS_DEPLOYMENT_TARGET = 9.3;
				MTL_ENABLE_DEBUG_INFO = YES;
				ONLY_ACTIVE_ARCH = YES;
				SDKROOT = iphoneos;
				SWIFT_OPTIMIZATION_LEVEL = "-Onone";
			};
			name = Debug;
		};
		A3B06D921CCDEBE200D1627C /* Release */ = {
			isa = XCBuildConfiguration;
			buildSettings = {
				ALWAYS_SEARCH_USER_PATHS = NO;
				CLANG_ANALYZER_NONNULL = YES;
				CLANG_CXX_LANGUAGE_STANDARD = "gnu++0x";
				CLANG_CXX_LIBRARY = "libc++";
				CLANG_ENABLE_MODULES = YES;
				CLANG_ENABLE_OBJC_ARC = YES;
				CLANG_WARN_BOOL_CONVERSION = YES;
				CLANG_WARN_CONSTANT_CONVERSION = YES;
				CLANG_WARN_DIRECT_OBJC_ISA_USAGE = YES_ERROR;
				CLANG_WARN_EMPTY_BODY = YES;
				CLANG_WARN_ENUM_CONVERSION = YES;
				CLANG_WARN_INT_CONVERSION = YES;
				CLANG_WARN_OBJC_ROOT_CLASS = YES_ERROR;
				CLANG_WARN_UNREACHABLE_CODE = YES;
				CLANG_WARN__DUPLICATE_METHOD_MATCH = YES;
				"CODE_SIGN_IDENTITY[sdk=iphoneos*]" = "iPhone Developer";
				COPY_PHASE_STRIP = NO;
				DEBUG_INFORMATION_FORMAT = "dwarf-with-dsym";
				ENABLE_NS_ASSERTIONS = NO;
				ENABLE_STRICT_OBJC_MSGSEND = YES;
				GCC_C_LANGUAGE_STANDARD = gnu99;
				GCC_NO_COMMON_BLOCKS = YES;
				GCC_WARN_64_TO_32_BIT_CONVERSION = YES;
				GCC_WARN_ABOUT_RETURN_TYPE = YES_ERROR;
				GCC_WARN_UNDECLARED_SELECTOR = YES;
				GCC_WARN_UNINITIALIZED_AUTOS = YES_AGGRESSIVE;
				GCC_WARN_UNUSED_FUNCTION = YES;
				GCC_WARN_UNUSED_VARIABLE = YES;
				IPHONEOS_DEPLOYMENT_TARGET = 9.3;
				MTL_ENABLE_DEBUG_INFO = NO;
				SDKROOT = iphoneos;
				VALIDATE_PRODUCT = YES;
			};
			name = Release;
		};
		A3B06D941CCDEBE200D1627C /* Debug */ = {
			isa = XCBuildConfiguration;
			baseConfigurationReference = A3F48D665B113289A799EFB3 /* Pods-weibo.debug.xcconfig */;
			buildSettings = {
				ASSETCATALOG_COMPILER_APPICON_NAME = AppIcon;
				ASSETCATALOG_COMPILER_LAUNCHIMAGE_NAME = LaunchImage;
				CLANG_ENABLE_MODULES = YES;
				INFOPLIST_FILE = weibo/Info.plist;
				IPHONEOS_DEPLOYMENT_TARGET = 8.0;
				LD_RUNPATH_SEARCH_PATHS = "$(inherited) @executable_path/Frameworks";
				PRODUCT_BUNDLE_IDENTIFIER = RYF.weibo;
				PRODUCT_NAME = "$(TARGET_NAME)";
				SWIFT_OBJC_BRIDGING_HEADER = "weibo/Classes/Other/Extension/weibo-Bridging-Header.h";
				SWIFT_OPTIMIZATION_LEVEL = "-Onone";
			};
			name = Debug;
		};
		A3B06D951CCDEBE200D1627C /* Release */ = {
			isa = XCBuildConfiguration;
			baseConfigurationReference = FC0146A3C97EB4464ADD82E7 /* Pods-weibo.release.xcconfig */;
			buildSettings = {
				ASSETCATALOG_COMPILER_APPICON_NAME = AppIcon;
				ASSETCATALOG_COMPILER_LAUNCHIMAGE_NAME = LaunchImage;
				CLANG_ENABLE_MODULES = YES;
				INFOPLIST_FILE = weibo/Info.plist;
				IPHONEOS_DEPLOYMENT_TARGET = 8.0;
				LD_RUNPATH_SEARCH_PATHS = "$(inherited) @executable_path/Frameworks";
				PRODUCT_BUNDLE_IDENTIFIER = RYF.weibo;
				PRODUCT_NAME = "$(TARGET_NAME)";
				SWIFT_OBJC_BRIDGING_HEADER = "weibo/Classes/Other/Extension/weibo-Bridging-Header.h";
			};
			name = Release;
		};
/* End XCBuildConfiguration section */

/* Begin XCConfigurationList section */
		A3B06D7C1CCDEBE100D1627C /* Build configuration list for PBXProject "weibo" */ = {
			isa = XCConfigurationList;
			buildConfigurations = (
				A3B06D911CCDEBE200D1627C /* Debug */,
				A3B06D921CCDEBE200D1627C /* Release */,
			);
			defaultConfigurationIsVisible = 0;
			defaultConfigurationName = Release;
		};
		A3B06D931CCDEBE200D1627C /* Build configuration list for PBXNativeTarget "weibo" */ = {
			isa = XCConfigurationList;
			buildConfigurations = (
				A3B06D941CCDEBE200D1627C /* Debug */,
				A3B06D951CCDEBE200D1627C /* Release */,
			);
			defaultConfigurationIsVisible = 0;
			defaultConfigurationName = Release;
		};
/* End XCConfigurationList section */
	};
	rootObject = A3B06D791CCDEBE100D1627C /* Project object */;
}
